
Microsoft Visual Studio Solution File, Format Version 12.00
# Visual Studio Version 17
VisualStudioVersion = 17.4.33403.182
MinimumVisualStudioVersion = 10.0.40219.1
Project("{9A19103F-16F7-4668-BE54-9A1E7A4F7556}") = "ArtistManagementApp", "ArtistManagementApp.csproj", "{570377E1-4B46-48D7-B8C4-FD0232C6E57B}"
EndProject
Project("{9A19103F-16F7-4668-BE54-9A1E7A4F7556}") = "ArtistManagementApp.Tests", "..\ArtistManagementApp.Tests\ArtistManagementApp.Tests.csproj", "{E0B2DFB6-C44C-4D83-B3FF-A13114E6F0D8}"
EndProject
Global
	GlobalSection(SolutionConfigurationPlatforms) = preSolution
		Debug|Any CPU = Debug|Any CPU
		Release|Any CPU = Release|Any CPU
	EndGlobalSection
	GlobalSection(ProjectConfigurationPlatforms) = postSolution
		{570377E1-4B46-48D7-B8C4-FD0232C6E57B}.Debug|Any CPU.ActiveCfg = Debug|Any CPU
		{570377E1-4B46-48D7-B8C4-FD0232C6E57B}.Debug|Any CPU.Build.0 = Debug|Any CPU
		{570377E1-4B46-48D7-B8C4-FD0232C6E57B}.Release|Any CPU.ActiveCfg = Release|Any CPU
		{570377E1-4B46-48D7-B8C4-FD0232C6E57B}.Release|Any CPU.Build.0 = Release|Any CPU
		{E0B2DFB6-C44C-4D83-B3FF-A13114E6F0D8}.Debug|Any CPU.ActiveCfg = Debug|Any CPU
		{E0B2DFB6-C44C-4D83-B3FF-A13114E6F0D8}.Debug|Any CPU.Build.0 = Debug|Any CPU
		{E0B2DFB6-C44C-4D83-B3FF-A13114E6F0D8}.Release|Any CPU.ActiveCfg = Release|Any CPU
		{E0B2DFB6-C44C-4D83-B3FF-A13114E6F0D8}.Release|Any CPU.Build.0 = Release|Any CPU
	EndGlobalSection
	GlobalSection(SolutionProperties) = preSolution
		HideSolutionNode = FALSE
	EndGlobalSection
	GlobalSection(ExtensibilityGlobals) = postSolution
		SolutionGuid = {22C533C7-9992-4E91-AF04-CB1CA31581C1}
	EndGlobalSection
EndGlobal
